
Microsoft Visual Studio Solution File, Format Version 12.00
# Visual Studio 15
VisualStudioVersion = 15.0.28010.0
MinimumVisualStudioVersion = 10.0.40219.1
Project("{FAE04EC0-301F-11D3-BF4B-00C04F79EFBC}") = "Narudzbenica", "Narudzbenica\Narudzbenica.csproj", "{304A27C3-EFC7-4895-8750-5555D953C0C7}"
EndProject
Global
	GlobalSection(SolutionConfigurationPlatforms) = preSolution
		Debug|Any CPU = Debug|Any CPU
		Release|Any CPU = Release|Any CPU
	EndGlobalSection
	GlobalSection(ProjectConfigurationPlatforms) = postSolution
		{304A27C3-EFC7-4895-8750-5555D953C0C7}.Debug|Any CPU.ActiveCfg = Debug|Any CPU
		{304A27C3-EFC7-4895-8750-5555D953C0C7}.Debug|Any CPU.Build.0 = Debug|Any CPU
		{304A27C3-EFC7-4895-8750-5555D953C0C7}.Release|Any CPU.ActiveCfg = Release|Any CPU
		{304A27C3-EFC7-4895-8750-5555D953C0C7}.Release|Any CPU.Build.0 = Release|Any CPU
	EndGlobalSection
	GlobalSection(SolutionProperties) = preSolution
		HideSolutionNode = FALSE
	EndGlobalSection
	GlobalSection(ExtensibilityGlobals) = postSolution
		SolutionGuid = {228B4757-0FED-42C4-A652-C185A5B5065B}
	EndGlobalSection
EndGlobal
